// !$*UTF8*$!
{
	archiveVersion = 1;
	classes = {
	};
	objectVersion = 50;
	objects = {

/* Begin PBXBuildFile section */
		55BBCBA124F700A80050D266 /* ReadQRViewController.swift in Sources */ = {isa = PBXBuildFile; fileRef = 55BBCBA024F700A80050D266 /* ReadQRViewController.swift */; };
		55F7759824F2FED400B48C4D /* AppDelegate.swift in Sources */ = {isa = PBXBuildFile; fileRef = 55F7759724F2FED400B48C4D /* AppDelegate.swift */; };
		55F7759A24F2FED400B48C4D /* SceneDelegate.swift in Sources */ = {isa = PBXBuildFile; fileRef = 55F7759924F2FED400B48C4D /* SceneDelegate.swift */; };
		55F7759C24F2FED400B48C4D /* ViewController.swift in Sources */ = {isa = PBXBuildFile; fileRef = 55F7759B24F2FED400B48C4D /* ViewController.swift */; };
		55F7759F24F2FED400B48C4D /* Main.storyboard in Resources */ = {isa = PBXBuildFile; fileRef = 55F7759D24F2FED400B48C4D /* Main.storyboard */; };
		55F775A224F2FED400B48C4D /* iFab2020_MuseumApp.xcdatamodeld in Sources */ = {isa = PBXBuildFile; fileRef = 55F775A024F2FED400B48C4D /* iFab2020_MuseumApp.xcdatamodeld */; };
		55F775A424F2FED600B48C4D /* Assets.xcassets in Resources */ = {isa = PBXBuildFile; fileRef = 55F775A324F2FED600B48C4D /* Assets.xcassets */; };
		55F775A724F2FED600B48C4D /* LaunchScreen.storyboard in Resources */ = {isa = PBXBuildFile; fileRef = 55F775A524F2FED600B48C4D /* LaunchScreen.storyboard */; };
/* End PBXBuildFile section */

/* Begin PBXFileReference section */
		55BBCBA024F700A80050D266 /* ReadQRViewController.swift */ = {isa = PBXFileReference; lastKnownFileType = sourcecode.swift; path = ReadQRViewController.swift; sourceTree = "<group>"; };
		55F7759424F2FED400B48C4D /* iFab2020-MuseumApp.app */ = {isa = PBXFileReference; explicitFileType = wrapper.application; includeInIndex = 0; path = "iFab2020-MuseumApp.app"; sourceTree = BUILT_PRODUCTS_DIR; };
		55F7759724F2FED400B48C4D /* AppDelegate.swift */ = {isa = PBXFileReference; lastKnownFileType = sourcecode.swift; path = AppDelegate.swift; sourceTree = "<group>"; };
		55F7759924F2FED400B48C4D /* SceneDelegate.swift */ = {isa = PBXFileReference; lastKnownFileType = sourcecode.swift; path = SceneDelegate.swift; sourceTree = "<group>"; };
		55F7759B24F2FED400B48C4D /* ViewController.swift */ = {isa = PBXFileReference; lastKnownFileType = sourcecode.swift; path = ViewController.swift; sourceTree = "<group>"; };
		55F7759E24F2FED400B48C4D /* Base */ = {isa = PBXFileReference; lastKnownFileType = file.storyboard; name = Base; path = Base.lproj/Main.storyboard; sourceTree = "<group>"; };
		55F775A124F2FED400B48C4D /* iFab2020_MuseumApp.xcdatamodel */ = {isa = PBXFileReference; lastKnownFileType = wrapper.xcdatamodel; path = iFab2020_MuseumApp.xcdatamodel; sourceTree = "<group>"; };
		55F775A324F2FED600B48C4D /* Assets.xcassets */ = {isa = PBXFileReference; lastKnownFileType = folder.assetcatalog; path = Assets.xcassets; sourceTree = "<group>"; };
		55F775A624F2FED600B48C4D /* Base */ = {isa = PBXFileReference; lastKnownFileType = file.storyboard; name = Base; path = Base.lproj/LaunchScreen.storyboard; sourceTree = "<group>"; };
		55F775A824F2FED600B48C4D /* Info.plist */ = {isa = PBXFileReference; lastKnownFileType = text.plist.xml; path = Info.plist; sourceTree = "<group>"; };
/* End PBXFileReference section */

/* Begin PBXFrameworksBuildPhase section */
		55F7759124F2FED400B48C4D /* Frameworks */ = {
			isa = PBXFrameworksBuildPhase;
			buildActionMask = 2147483647;
			files = (
			);
			runOnlyForDeploymentPostprocessing = 0;
		};
/* End PBXFrameworksBuildPhase section */

/* Begin PBXGroup section */
		55F7758B24F2FED400B48C4D = {
			isa = PBXGroup;
			children = (
				55F775AE24F2FF5400B48C4D /* imgsPortada */,
				55F7759624F2FED400B48C4D /* iFab2020-MuseumApp */,
				55F7759524F2FED400B48C4D /* Products */,
			);
			sourceTree = "<group>";
		};
		55F7759524F2FED400B48C4D /* Products */ = {
			isa = PBXGroup;
			children = (
				55F7759424F2FED400B48C4D /* iFab2020-MuseumApp.app */,
			);
			name = Products;
			sourceTree = "<group>";
		};
		55F7759624F2FED400B48C4D /* iFab2020-MuseumApp */ = {
			isa = PBXGroup;
			children = (
				55F7759724F2FED400B48C4D /* AppDelegate.swift */,
				55F7759924F2FED400B48C4D /* SceneDelegate.swift */,
				55F7759B24F2FED400B48C4D /* ViewController.swift */,
				55F7759D24F2FED400B48C4D /* Main.storyboard */,
				55F775A324F2FED600B48C4D /* Assets.xcassets */,
				55F775A524F2FED600B48C4D /* LaunchScreen.storyboard */,
				55F775A824F2FED600B48C4D /* Info.plist */,
				55F775A024F2FED400B48C4D /* iFab2020_MuseumApp.xcdatamodeld */,
				55BBCBA024F700A80050D266 /* ReadQRViewController.swift */,
			);
			path = "iFab2020-MuseumApp";
			sourceTree = "<group>";
		};
		55F775AE24F2FF5400B48C4D /* imgsPortada */ = {
			isa = PBXGroup;
			children = (
			);
			path = imgsPortada;
			sourceTree = "<group>";
		};
/* End PBXGroup section */

/* Begin PBXNativeTarget section */
		55F7759324F2FED400B48C4D /* iFab2020-MuseumApp */ = {
			isa = PBXNativeTarget;
			buildConfigurationList = 55F775AB24F2FED600B48C4D /* Build configuration list for PBXNativeTarget "iFab2020-MuseumApp" */;
			buildPhases = (
				55F7759024F2FED400B48C4D /* Sources */,
				55F7759124F2FED400B48C4D /* Frameworks */,
				55F7759224F2FED400B48C4D /* Resources */,
			);
			buildRules = (
			);
			dependencies = (
			);
			name = "iFab2020-MuseumApp";
			productName = "iFab2020-MuseumApp";
			productReference = 55F7759424F2FED400B48C4D /* iFab2020-MuseumApp.app */;
			productType = "com.apple.product-type.application";
		};
/* End PBXNativeTarget section */

/* Begin PBXProject section */
		55F7758C24F2FED400B48C4D /* Project object */ = {
			isa = PBXProject;
			attributes = {
				LastSwiftUpdateCheck = 1160;
				LastUpgradeCheck = 1160;
				ORGANIZATIONNAME = "Orlando Landaeta";
				TargetAttributes = {
					55F7759324F2FED400B48C4D = {
						CreatedOnToolsVersion = 11.6;
					};
				};
			};
			buildConfigurationList = 55F7758F24F2FED400B48C4D /* Build configuration list for PBXProject "iFab2020-MuseumApp" */;
			compatibilityVersion = "Xcode 9.3";
			developmentRegion = en;
			hasScannedForEncodings = 0;
			knownRegions = (
				en,
				Base,
			);
			mainGroup = 55F7758B24F2FED400B48C4D;
			productRefGroup = 55F7759524F2FED400B48C4D /* Products */;
			projectDirPath = "";
			projectRoot = "";
			targets = (
				55F7759324F2FED400B48C4D /* iFab2020-MuseumApp */,
			);
		};
/* End PBXProject section */

/* Begin PBXResourcesBuildPhase section */
		55F7759224F2FED400B48C4D /* Resources */ = {
			isa = PBXResourcesBuildPhase;
			buildActionMask = 2147483647;
			files = (
				55F775A724F2FED600B48C4D /* LaunchScreen.storyboard in Resources */,
				55F775A424F2FED600B48C4D /* Assets.xcassets in Resources */,
				55F7759F24F2FED400B48C4D /* Main.storyboard in Resources */,
			);
			runOnlyForDeploymentPostprocessing = 0;
		};
/* End PBXResourcesBuildPhase section */

/* Begin PBXSourcesBuildPhase section */
		55F7759024F2FED400B48C4D /* Sources */ = {
			isa = PBXSourcesBuildPhase;
			buildActionMask = 2147483647;
			files = (
				55F7759C24F2FED400B48C4D /* ViewController.swift in Sources */,
				55BBCBA124F700A80050D266 /* ReadQRViewController.swift in Sources */,
				55F775A224F2FED400B48C4D /* iFab2020_MuseumApp.xcdatamodeld in Sources */,
				55F7759824F2FED400B48C4D /* AppDelegate.swift in Sources */,
				55F7759A24F2FED400B48C4D /* SceneDelegate.swift in Sources */,
			);
			runOnlyForDeploymentPostprocessing = 0;
		};
/* End PBXSourcesBuildPhase section */

/* Begin PBXVariantGroup section */
		55F7759D24F2FED400B48C4D /* Main.storyboard */ = {
			isa = PBXVariantGroup;
			children = (
				55F7759E24F2FED400B48C4D /* Base */,
			);
			name = Main.storyboard;
			sourceTree = "<group>";
		};
		55F775A524F2FED600B48C4D /* LaunchScreen.storyboard */ = {
			isa = PBXVariantGroup;
			children = (
				55F775A624F2FED600B48C4D /* Base */,
			);
			name = LaunchScreen.storyboard;
			sourceTree = "<group>";
		};
/* End PBXVariantGroup section */

/* Begin XCBuildConfiguration section */
		55F775A924F2FED600B48C4D /* Debug */ = {
			isa = XCBuildConfiguration;
			buildSettings = {
				ALWAYS_SEARCH_USER_PATHS = NO;
				CLANG_ANALYZER_NONNULL = YES;
				CLANG_ANALYZER_NUMBER_OBJECT_CONVERSION = YES_AGGRESSIVE;
				CLANG_CXX_LANGUAGE_STANDARD = "gnu++14";
				CLANG_CXX_LIBRARY = "libc++";
				CLANG_ENABLE_MODULES = YES;
				CLANG_ENABLE_OBJC_ARC = YES;
				CLANG_ENABLE_OBJC_WEAK = YES;
				CLANG_WARN_BLOCK_CAPTURE_AUTORELEASING = YES;
				CLANG_WARN_BOOL_CONVERSION = YES;
				CLANG_WARN_COMMA = YES;
				CLANG_WARN_CONSTANT_CONVERSION = YES;
				CLANG_WARN_DEPRECATED_OBJC_IMPLEMENTATIONS = YES;
				CLANG_WARN_DIRECT_OBJC_ISA_USAGE = YES_ERROR;
				CLANG_WARN_DOCUMENTATION_COMMENTS = YES;
				CLANG_WARN_EMPTY_BODY = YES;
				CLANG_WARN_ENUM_CONVERSION = YES;
				CLANG_WARN_INFINITE_RECURSION = YES;
				CLANG_WARN_INT_CONVERSION = YES;
				CLANG_WARN_NON_LITERAL_NULL_CONVERSION = YES;
				CLANG_WARN_OBJC_IMPLICIT_RETAIN_SELF = YES;
				CLANG_WARN_OBJC_LITERAL_CONVERSION = YES;
				CLANG_WARN_OBJC_ROOT_CLASS = YES_ERROR;
				CLANG_WARN_RANGE_LOOP_ANALYSIS = YES;
				CLANG_WARN_STRICT_PROTOTYPES = YES;
				CLANG_WARN_SUSPICIOUS_MOVE = YES;
				CLANG_WARN_UNGUARDED_AVAILABILITY = YES_AGGRESSIVE;
				CLANG_WARN_UNREACHABLE_CODE = YES;
				CLANG_WARN__DUPLICATE_METHOD_MATCH = YES;
				COPY_PHASE_STRIP = NO;
				DEBUG_INFORMATION_FORMAT = dwarf;
				ENABLE_STRICT_OBJC_MSGSEND = YES;
				ENABLE_TESTABILITY = YES;
				GCC_C_LANGUAGE_STANDARD = gnu11;
				GCC_DYNAMIC_NO_PIC = NO;
				GCC_NO_COMMON_BLOCKS = YES;
				GCC_OPTIMIZATION_LEVEL = 0;
				GCC_PREPROCESSOR_DEFINITIONS = (
					"DEBUG=1",
					"$(inherited)",
				);
				GCC_WARN_64_TO_32_BIT_CONVERSION = YES;
				GCC_WARN_ABOUT_RETURN_TYPE = YES_ERROR;
				GCC_WARN_UNDECLARED_SELECTOR = YES;
				GCC_WARN_UNINITIALIZED_AUTOS = YES_AGGRESSIVE;
				GCC_WARN_UNUSED_FUNCTION = YES;
				GCC_WARN_UNUSED_VARIABLE = YES;
				IPHONEOS_DEPLOYMENT_TARGET = 13.6;
				MTL_ENABLE_DEBUG_INFO = INCLUDE_SOURCE;
				MTL_FAST_MATH = YES;
				ONLY_ACTIVE_ARCH = YES;
				SDKROOT = iphoneos;
				SWIFT_ACTIVE_COMPILATION_CONDITIONS = DEBUG;
				SWIFT_OPTIMIZATION_LEVEL = "-Onone";
			};
			name = Debug;
		};
		55F775AA24F2FED600B48C4D /* Release */ = {
			isa = XCBuildConfiguration;
			buildSettings = {
				ALWAYS_SEARCH_USER_PATHS = NO;
				CLANG_ANALYZER_NONNULL = YES;
				CLANG_ANALYZER_NUMBER_OBJECT_CONVERSION = YES_AGGRESSIVE;
				CLANG_CXX_LANGUAGE_STANDARD = "gnu++14";
				CLANG_CXX_LIBRARY = "libc++";
				CLANG_ENABLE_MODULES = YES;
				CLANG_ENABLE_OBJC_ARC = YES;
				CLANG_ENABLE_OBJC_WEAK = YES;
				CLANG_WARN_BLOCK_CAPTURE_AUTORELEASING = YES;
				CLANG_WARN_BOOL_CONVERSION = YES;
				CLANG_WARN_COMMA = YES;
				CLANG_WARN_CONSTANT_CONVERSION = YES;
				CLANG_WARN_DEPRECATED_OBJC_IMPLEMENTATIONS = YES;
				CLANG_WARN_DIRECT_OBJC_ISA_USAGE = YES_ERROR;
				CLANG_WARN_DOCUMENTATION_COMMENTS = YES;
				CLANG_WARN_EMPTY_BODY = YES;
				CLANG_WARN_ENUM_CONVERSION = YES;
				CLANG_WARN_INFINITE_RECURSION = YES;
				CLANG_WARN_INT_CONVERSION = YES;
				CLANG_WARN_NON_LITERAL_NULL_CONVERSION = YES;
				CLANG_WARN_OBJC_IMPLICIT_RETAIN_SELF = YES;
				CLANG_WARN_OBJC_LITERAL_CONVERSION = YES;
				CLANG_WARN_OBJC_ROOT_CLASS = YES_ERROR;
				CLANG_WARN_RANGE_LOOP_ANALYSIS = YES;
				CLANG_WARN_STRICT_PROTOTYPES = YES;
				CLANG_WARN_SUSPICIOUS_MOVE = YES;
				CLANG_WARN_UNGUARDED_AVAILABILITY = YES_AGGRESSIVE;
				CLANG_WARN_UNREACHABLE_CODE = YES;
				CLANG_WARN__DUPLICATE_METHOD_MATCH = YES;
				COPY_PHASE_STRIP = NO;
				DEBUG_INFORMATION_FORMAT = "dwarf-with-dsym";
				ENABLE_NS_ASSERTIONS = NO;
				ENABLE_STRICT_OBJC_MSGSEND = YES;
				GCC_C_LANGUAGE_STANDARD = gnu11;
				GCC_NO_COMMON_BLOCKS = YES;
				GCC_WARN_64_TO_32_BIT_CONVERSION = YES;
				GCC_WARN_ABOUT_RETURN_TYPE = YES_ERROR;
				GCC_WARN_UNDECLARED_SELECTOR = YES;
				GCC_WARN_UNINITIALIZED_AUTOS = YES_AGGRESSIVE;
				GCC_WARN_UNUSED_FUNCTION = YES;
				GCC_WARN_UNUSED_VARIABLE = YES;
				IPHONEOS_DEPLOYMENT_TARGET = 13.6;
				MTL_ENABLE_DEBUG_INFO = NO;
				MTL_FAST_MATH = YES;
				SDKROOT = iphoneos;
				SWIFT_COMPILATION_MODE = wholemodule;
				SWIFT_OPTIMIZATION_LEVEL = "-O";
				VALIDATE_PRODUCT = YES;
			};
			name = Release;
		};
		55F775AC24F2FED600B48C4D /* Debug */ = {
			isa = XCBuildConfiguration;
			buildSettings = {
				ASSETCATALOG_COMPILER_APPICON_NAME = AppIcon;
				CODE_SIGN_STYLE = Automatic;
				DEVELOPMENT_TEAM = 9GQTU4VY64;
				INFOPLIST_FILE = "iFab2020-MuseumApp/Info.plist";
				LD_RUNPATH_SEARCH_PATHS = (
					"$(inherited)",
					"@executable_path/Frameworks",
				);
				PRODUCT_BUNDLE_IDENTIFIER = "com.olandaeta.iFab2020-MuseumApp";
				PRODUCT_NAME = "$(TARGET_NAME)";
				SWIFT_VERSION = 5.0;
				TARGETED_DEVICE_FAMILY = "1,2";
			};
			name = Debug;
		};
		55F775AD24F2FED600B48C4D /* Release */ = {
			isa = XCBuildConfiguration;
			buildSettings = {
				ASSETCATALOG_COMPILER_APPICON_NAME = AppIcon;
				CODE_SIGN_STYLE = Automatic;
				DEVELOPMENT_TEAM = 9GQTU4VY64;
				INFOPLIST_FILE = "iFab2020-MuseumApp/Info.plist";
				LD_RUNPATH_SEARCH_PATHS = (
					"$(inherited)",
					"@executable_path/Frameworks",
				);
				PRODUCT_BUNDLE_IDENTIFIER = "com.olandaeta.iFab2020-MuseumApp";
				PRODUCT_NAME = "$(TARGET_NAME)";
				SWIFT_VERSION = 5.0;
				TARGETED_DEVICE_FAMILY = "1,2";
			};
			name = Release;
		};
/* End XCBuildConfiguration section */

/* Begin XCConfigurationList section */
		55F7758F24F2FED400B48C4D /* Build configuration list for PBXProject "iFab2020-MuseumApp" */ = {
			isa = XCConfigurationList;
			buildConfigurations = (
				55F775A924F2FED600B48C4D /* Debug */,
				55F775AA24F2FED600B48C4D /* Release */,
			);
			defaultConfigurationIsVisible = 0;
			defaultConfigurationName = Release;
		};
		55F775AB24F2FED600B48C4D /* Build configuration list for PBXNativeTarget "iFab2020-MuseumApp" */ = {
			isa = XCConfigurationList;
			buildConfigurations = (
				55F775AC24F2FED600B48C4D /* Debug */,
				55F775AD24F2FED600B48C4D /* Release */,
			);
			defaultConfigurationIsVisible = 0;
			defaultConfigurationName = Release;
		};
/* End XCConfigurationList section */

/* Begin XCVersionGroup section */
		55F775A024F2FED400B48C4D /* iFab2020_MuseumApp.xcdatamodeld */ = {
			isa = XCVersionGroup;
			children = (
				55F775A124F2FED400B48C4D /* iFab2020_MuseumApp.xcdatamodel */,
			);
			currentVersion = 55F775A124F2FED400B48C4D /* iFab2020_MuseumApp.xcdatamodel */;
			path = iFab2020_MuseumApp.xcdatamodeld;
			sourceTree = "<group>";
			versionGroupType = wrapper.xcdatamodel;
		};
/* End XCVersionGroup section */
	};
	rootObject = 55F7758C24F2FED400B48C4D /* Project object */;
}
